// !$*UTF8*$!
{
	archiveVersion = 1;
	classes = {
	};
	objectVersion = 77;
	objects = {

/* Begin PBXBuildFile section */
		648628702CB430D0007DFFE4 /* YouTubePlayerKit in Frameworks */ = {isa = PBXBuildFile; productRef = 6486286F2CB430D0007DFFE4 /* YouTubePlayerKit */; };
		648628902CB46D38007DFFE4 /* LNPopupUI in Frameworks */ = {isa = PBXBuildFile; productRef = 6486288F2CB46D38007DFFE4 /* LNPopupUI */; };
		648628912CB46D38007DFFE4 /* LNPopupUI in Embed Frameworks */ = {isa = PBXBuildFile; productRef = 6486288F2CB46D38007DFFE4 /* LNPopupUI */; settings = {ATTRIBUTES = (CodeSignOnCopy, ); }; };
/* End PBXBuildFile section */

/* Begin PBXContainerItemProxy section */
		64F260142CAFFA200073F570 /* PBXContainerItemProxy */ = {
			isa = PBXContainerItemProxy;
			containerPortal = 64F25FFB2CAFFA1E0073F570 /* Project object */;
			proxyType = 1;
			remoteGlobalIDString = 64F260022CAFFA1E0073F570;
			remoteInfo = heracles;
		};
		64F2601E2CAFFA200073F570 /* PBXContainerItemProxy */ = {
			isa = PBXContainerItemProxy;
			containerPortal = 64F25FFB2CAFFA1E0073F570 /* Project object */;
			proxyType = 1;
			remoteGlobalIDString = 64F260022CAFFA1E0073F570;
			remoteInfo = heracles;
		};
/* End PBXContainerItemProxy section */

/* Begin PBXCopyFilesBuildPhase section */
		648628922CB46D38007DFFE4 /* Embed Frameworks */ = {
			isa = PBXCopyFilesBuildPhase;
			buildActionMask = 2147483647;
			dstPath = "";
			dstSubfolderSpec = 10;
			files = (
				648628912CB46D38007DFFE4 /* LNPopupUI in Embed Frameworks */,
			);
			name = "Embed Frameworks";
			runOnlyForDeploymentPostprocessing = 0;
		};
/* End PBXCopyFilesBuildPhase section */

/* Begin PBXFileReference section */
		64F260032CAFFA1E0073F570 /* heracles.app */ = {isa = PBXFileReference; explicitFileType = wrapper.application; includeInIndex = 0; path = heracles.app; sourceTree = BUILT_PRODUCTS_DIR; };
		64F260132CAFFA200073F570 /* heraclesTests.xctest */ = {isa = PBXFileReference; explicitFileType = wrapper.cfbundle; includeInIndex = 0; path = heraclesTests.xctest; sourceTree = BUILT_PRODUCTS_DIR; };
		64F2601D2CAFFA200073F570 /* heraclesUITests.xctest */ = {isa = PBXFileReference; explicitFileType = wrapper.cfbundle; includeInIndex = 0; path = heraclesUITests.xctest; sourceTree = BUILT_PRODUCTS_DIR; };
/* End PBXFileReference section */

/* Begin PBXFileSystemSynchronizedRootGroup section */
		64F260052CAFFA1E0073F570 /* heracles */ = {
			isa = PBXFileSystemSynchronizedRootGroup;
			path = heracles;
			sourceTree = "<group>";
		};
		64F260162CAFFA200073F570 /* heraclesTests */ = {
			isa = PBXFileSystemSynchronizedRootGroup;
			path = heraclesTests;
			sourceTree = "<group>";
		};
		64F260202CAFFA200073F570 /* heraclesUITests */ = {
			isa = PBXFileSystemSynchronizedRootGroup;
			path = heraclesUITests;
			sourceTree = "<group>";
		};
/* End PBXFileSystemSynchronizedRootGroup section */

/* Begin PBXFrameworksBuildPhase section */
		64F260002CAFFA1E0073F570 /* Frameworks */ = {
			isa = PBXFrameworksBuildPhase;
			buildActionMask = 2147483647;
			files = (
				648628702CB430D0007DFFE4 /* YouTubePlayerKit in Frameworks */,
				648628902CB46D38007DFFE4 /* LNPopupUI in Frameworks */,
			);
			runOnlyForDeploymentPostprocessing = 0;
		};
		64F260102CAFFA200073F570 /* Frameworks */ = {
			isa = PBXFrameworksBuildPhase;
			buildActionMask = 2147483647;
			files = (
			);
			runOnlyForDeploymentPostprocessing = 0;
		};
		64F2601A2CAFFA200073F570 /* Frameworks */ = {
			isa = PBXFrameworksBuildPhase;
			buildActionMask = 2147483647;
			files = (
			);
			runOnlyForDeploymentPostprocessing = 0;
		};
/* End PBXFrameworksBuildPhase section */

/* Begin PBXGroup section */
		6486286E2CB430D0007DFFE4 /* Frameworks */ = {
			isa = PBXGroup;
			children = (
			);
			name = Frameworks;
			sourceTree = "<group>";
		};
		64F25FFA2CAFFA1E0073F570 = {
			isa = PBXGroup;
			children = (
				64F260052CAFFA1E0073F570 /* heracles */,
				64F260162CAFFA200073F570 /* heraclesTests */,
				64F260202CAFFA200073F570 /* heraclesUITests */,
				6486286E2CB430D0007DFFE4 /* Frameworks */,
				64F260042CAFFA1E0073F570 /* Products */,
			);
			sourceTree = "<group>";
		};
		64F260042CAFFA1E0073F570 /* Products */ = {
			isa = PBXGroup;
			children = (
				64F260032CAFFA1E0073F570 /* heracles.app */,
				64F260132CAFFA200073F570 /* heraclesTests.xctest */,
				64F2601D2CAFFA200073F570 /* heraclesUITests.xctest */,
			);
			name = Products;
			sourceTree = "<group>";
		};
/* End PBXGroup section */

/* Begin PBXNativeTarget section */
		64F260022CAFFA1E0073F570 /* heracles */ = {
			isa = PBXNativeTarget;
			buildConfigurationList = 64F260272CAFFA200073F570 /* Build configuration list for PBXNativeTarget "heracles" */;
			buildPhases = (
				64F25FFF2CAFFA1E0073F570 /* Sources */,
				64F260002CAFFA1E0073F570 /* Frameworks */,
				64F260012CAFFA1E0073F570 /* Resources */,
				648628922CB46D38007DFFE4 /* Embed Frameworks */,
			);
			buildRules = (
			);
			dependencies = (
			);
			fileSystemSynchronizedGroups = (
				64F260052CAFFA1E0073F570 /* heracles */,
			);
			name = heracles;
			packageProductDependencies = (
				6486286F2CB430D0007DFFE4 /* YouTubePlayerKit */,
				6486288F2CB46D38007DFFE4 /* LNPopupUI */,
			);
			productName = heracles;
			productReference = 64F260032CAFFA1E0073F570 /* heracles.app */;
			productType = "com.apple.product-type.application";
		};
		64F260122CAFFA200073F570 /* heraclesTests */ = {
			isa = PBXNativeTarget;
			buildConfigurationList = 64F2602A2CAFFA200073F570 /* Build configuration list for PBXNativeTarget "heraclesTests" */;
			buildPhases = (
				64F2600F2CAFFA200073F570 /* Sources */,
				64F260102CAFFA200073F570 /* Frameworks */,
				64F260112CAFFA200073F570 /* Resources */,
			);
			buildRules = (
			);
			dependencies = (
				64F260152CAFFA200073F570 /* PBXTargetDependency */,
			);
			fileSystemSynchronizedGroups = (
				64F260162CAFFA200073F570 /* heraclesTests */,
			);
			name = heraclesTests;
			packageProductDependencies = (
			);
			productName = heraclesTests;
			productReference = 64F260132CAFFA200073F570 /* heraclesTests.xctest */;
			productType = "com.apple.product-type.bundle.unit-test";
		};
		64F2601C2CAFFA200073F570 /* heraclesUITests */ = {
			isa = PBXNativeTarget;
			buildConfigurationList = 64F2602D2CAFFA200073F570 /* Build configuration list for PBXNativeTarget "heraclesUITests" */;
			buildPhases = (
				64F260192CAFFA200073F570 /* Sources */,
				64F2601A2CAFFA200073F570 /* Frameworks */,
				64F2601B2CAFFA200073F570 /* Resources */,
			);
			buildRules = (
			);
			dependencies = (
				64F2601F2CAFFA200073F570 /* PBXTargetDependency */,
			);
			fileSystemSynchronizedGroups = (
				64F260202CAFFA200073F570 /* heraclesUITests */,
			);
			name = heraclesUITests;
			packageProductDependencies = (
			);
			productName = heraclesUITests;
			productReference = 64F2601D2CAFFA200073F570 /* heraclesUITests.xctest */;
			productType = "com.apple.product-type.bundle.ui-testing";
		};
/* End PBXNativeTarget section */

/* Begin PBXProject section */
		64F25FFB2CAFFA1E0073F570 /* Project object */ = {
			isa = PBXProject;
			attributes = {
				BuildIndependentTargetsInParallel = 1;
				LastSwiftUpdateCheck = 1600;
				LastUpgradeCheck = 1600;
				TargetAttributes = {
					64F260022CAFFA1E0073F570 = {
						CreatedOnToolsVersion = 16.0;
					};
					64F260122CAFFA200073F570 = {
						CreatedOnToolsVersion = 16.0;
						TestTargetID = 64F260022CAFFA1E0073F570;
					};
					64F2601C2CAFFA200073F570 = {
						CreatedOnToolsVersion = 16.0;
						TestTargetID = 64F260022CAFFA1E0073F570;
					};
				};
			};
			buildConfigurationList = 64F25FFE2CAFFA1E0073F570 /* Build configuration list for PBXProject "heracles" */;
			developmentRegion = en;
			hasScannedForEncodings = 0;
			knownRegions = (
				en,
				Base,
			);
			mainGroup = 64F25FFA2CAFFA1E0073F570;
			minimizedProjectReferenceProxies = 1;
			packageReferences = (
				648628502CB42FFC007DFFE4 /* XCRemoteSwiftPackageReference "YouTubePlayerKit" */,
				6486288E2CB46D0D007DFFE4 /* XCRemoteSwiftPackageReference "LNPopupUI" */,
			);
			preferredProjectObjectVersion = 77;
			productRefGroup = 64F260042CAFFA1E0073F570 /* Products */;
			projectDirPath = "";
			projectRoot = "";
			targets = (
				64F260022CAFFA1E0073F570 /* heracles */,
				64F260122CAFFA200073F570 /* heraclesTests */,
				64F2601C2CAFFA200073F570 /* heraclesUITests */,
			);
		};
/* End PBXProject section */

/* Begin PBXResourcesBuildPhase section */
		64F260012CAFFA1E0073F570 /* Resources */ = {
			isa = PBXResourcesBuildPhase;
			buildActionMask = 2147483647;
			files = (
			);
			runOnlyForDeploymentPostprocessing = 0;
		};
		64F260112CAFFA200073F570 /* Resources */ = {
			isa = PBXResourcesBuildPhase;
			buildActionMask = 2147483647;
			files = (
			);
			runOnlyForDeploymentPostprocessing = 0;
		};
		64F2601B2CAFFA200073F570 /* Resources */ = {
			isa = PBXResourcesBuildPhase;
			buildActionMask = 2147483647;
			files = (
			);
			runOnlyForDeploymentPostprocessing = 0;
		};
/* End PBXResourcesBuildPhase section */

/* Begin PBXSourcesBuildPhase section */
		64F25FFF2CAFFA1E0073F570 /* Sources */ = {
			isa = PBXSourcesBuildPhase;
			buildActionMask = 2147483647;
			files = (
			);
			runOnlyForDeploymentPostprocessing = 0;
		};
		64F2600F2CAFFA200073F570 /* Sources */ = {
			isa = PBXSourcesBuildPhase;
			buildActionMask = 2147483647;
			files = (
			);
			runOnlyForDeploymentPostprocessing = 0;
		};
		64F260192CAFFA200073F570 /* Sources */ = {
			isa = PBXSourcesBuildPhase;
			buildActionMask = 2147483647;
			files = (
			);
			runOnlyForDeploymentPostprocessing = 0;
		};
/* End PBXSourcesBuildPhase section */

/* Begin PBXTargetDependency section */
		64F260152CAFFA200073F570 /* PBXTargetDependency */ = {
			isa = PBXTargetDependency;
			target = 64F260022CAFFA1E0073F570 /* heracles */;
			targetProxy = 64F260142CAFFA200073F570 /* PBXContainerItemProxy */;
		};
		64F2601F2CAFFA200073F570 /* PBXTargetDependency */ = {
			isa = PBXTargetDependency;
			target = 64F260022CAFFA1E0073F570 /* heracles */;
			targetProxy = 64F2601E2CAFFA200073F570 /* PBXContainerItemProxy */;
		};
/* End PBXTargetDependency section */

/* Begin XCBuildConfiguration section */
		64F260252CAFFA200073F570 /* Debug */ = {
			isa = XCBuildConfiguration;
			buildSettings = {
				ALWAYS_SEARCH_USER_PATHS = NO;
				ASSETCATALOG_COMPILER_GENERATE_SWIFT_ASSET_SYMBOL_EXTENSIONS = YES;
				CLANG_ANALYZER_NONNULL = YES;
				CLANG_ANALYZER_NUMBER_OBJECT_CONVERSION = YES_AGGRESSIVE;
				CLANG_CXX_LANGUAGE_STANDARD = "gnu++20";
				CLANG_ENABLE_MODULES = YES;
				CLANG_ENABLE_OBJC_ARC = YES;
				CLANG_ENABLE_OBJC_WEAK = YES;
				CLANG_WARN_BLOCK_CAPTURE_AUTORELEASING = YES;
				CLANG_WARN_BOOL_CONVERSION = YES;
				CLANG_WARN_COMMA = YES;
				CLANG_WARN_CONSTANT_CONVERSION = YES;
				CLANG_WARN_DEPRECATED_OBJC_IMPLEMENTATIONS = YES;
				CLANG_WARN_DIRECT_OBJC_ISA_USAGE = YES_ERROR;
				CLANG_WARN_DOCUMENTATION_COMMENTS = YES;
				CLANG_WARN_EMPTY_BODY = YES;
				CLANG_WARN_ENUM_CONVERSION = YES;
				CLANG_WARN_INFINITE_RECURSION = YES;
				CLANG_WARN_INT_CONVERSION = YES;
				CLANG_WARN_NON_LITERAL_NULL_CONVERSION = YES;
				CLANG_WARN_OBJC_IMPLICIT_RETAIN_SELF = YES;
				CLANG_WARN_OBJC_LITERAL_CONVERSION = YES;
				CLANG_WARN_OBJC_ROOT_CLASS = YES_ERROR;
				CLANG_WARN_QUOTED_INCLUDE_IN_FRAMEWORK_HEADER = YES;
				CLANG_WARN_RANGE_LOOP_ANALYSIS = YES;
				CLANG_WARN_STRICT_PROTOTYPES = YES;
				CLANG_WARN_SUSPICIOUS_MOVE = YES;
				CLANG_WARN_UNGUARDED_AVAILABILITY = YES_AGGRESSIVE;
				CLANG_WARN_UNREACHABLE_CODE = YES;
				CLANG_WARN__DUPLICATE_METHOD_MATCH = YES;
				COPY_PHASE_STRIP = NO;
				DEBUG_INFORMATION_FORMAT = dwarf;
				ENABLE_STRICT_OBJC_MSGSEND = YES;
				ENABLE_TESTABILITY = YES;
				ENABLE_USER_SCRIPT_SANDBOXING = YES;
				GCC_C_LANGUAGE_STANDARD = gnu17;
				GCC_DYNAMIC_NO_PIC = NO;
				GCC_NO_COMMON_BLOCKS = YES;
				GCC_OPTIMIZATION_LEVEL = 0;
				GCC_PREPROCESSOR_DEFINITIONS = (
					"DEBUG=1",
					"$(inherited)",
				);
				GCC_WARN_64_TO_32_BIT_CONVERSION = YES;
				GCC_WARN_ABOUT_RETURN_TYPE = YES_ERROR;
				GCC_WARN_UNDECLARED_SELECTOR = YES;
				GCC_WARN_UNINITIALIZED_AUTOS = YES_AGGRESSIVE;
				GCC_WARN_UNUSED_FUNCTION = YES;
				GCC_WARN_UNUSED_VARIABLE = YES;
				IPHONEOS_DEPLOYMENT_TARGET = 18.0;
				LOCALIZATION_PREFERS_STRING_CATALOGS = YES;
				MTL_ENABLE_DEBUG_INFO = INCLUDE_SOURCE;
				MTL_FAST_MATH = YES;
				ONLY_ACTIVE_ARCH = YES;
				SDKROOT = iphoneos;
				SWIFT_ACTIVE_COMPILATION_CONDITIONS = "DEBUG $(inherited)";
				SWIFT_OPTIMIZATION_LEVEL = "-Onone";
			};
			name = Debug;
		};
		64F260262CAFFA200073F570 /* Release */ = {
			isa = XCBuildConfiguration;
			buildSettings = {
				ALWAYS_SEARCH_USER_PATHS = NO;
				ASSETCATALOG_COMPILER_GENERATE_SWIFT_ASSET_SYMBOL_EXTENSIONS = YES;
				CLANG_ANALYZER_NONNULL = YES;
				CLANG_ANALYZER_NUMBER_OBJECT_CONVERSION = YES_AGGRESSIVE;
				CLANG_CXX_LANGUAGE_STANDARD = "gnu++20";
				CLANG_ENABLE_MODULES = YES;
				CLANG_ENABLE_OBJC_ARC = YES;
				CLANG_ENABLE_OBJC_WEAK = YES;
				CLANG_WARN_BLOCK_CAPTURE_AUTORELEASING = YES;
				CLANG_WARN_BOOL_CONVERSION = YES;
				CLANG_WARN_COMMA = YES;
				CLANG_WARN_CONSTANT_CONVERSION = YES;
				CLANG_WARN_DEPRECATED_OBJC_IMPLEMENTATIONS = YES;
				CLANG_WARN_DIRECT_OBJC_ISA_USAGE = YES_ERROR;
				CLANG_WARN_DOCUMENTATION_COMMENTS = YES;
				CLANG_WARN_EMPTY_BODY = YES;
				CLANG_WARN_ENUM_CONVERSION = YES;
				CLANG_WARN_INFINITE_RECURSION = YES;
				CLANG_WARN_INT_CONVERSION = YES;
				CLANG_WARN_NON_LITERAL_NULL_CONVERSION = YES;
				CLANG_WARN_OBJC_IMPLICIT_RETAIN_SELF = YES;
				CLANG_WARN_OBJC_LITERAL_CONVERSION = YES;
				CLANG_WARN_OBJC_ROOT_CLASS = YES_ERROR;
				CLANG_WARN_QUOTED_INCLUDE_IN_FRAMEWORK_HEADER = YES;
				CLANG_WARN_RANGE_LOOP_ANALYSIS = YES;
				CLANG_WARN_STRICT_PROTOTYPES = YES;
				CLANG_WARN_SUSPICIOUS_MOVE = YES;
				CLANG_WARN_UNGUARDED_AVAILABILITY = YES_AGGRESSIVE;
				CLANG_WARN_UNREACHABLE_CODE = YES;
				CLANG_WARN__DUPLICATE_METHOD_MATCH = YES;
				COPY_PHASE_STRIP = NO;
				DEBUG_INFORMATION_FORMAT = "dwarf-with-dsym";
				ENABLE_NS_ASSERTIONS = NO;
				ENABLE_STRICT_OBJC_MSGSEND = YES;
				ENABLE_USER_SCRIPT_SANDBOXING = YES;
				GCC_C_LANGUAGE_STANDARD = gnu17;
				GCC_NO_COMMON_BLOCKS = YES;
				GCC_WARN_64_TO_32_BIT_CONVERSION = YES;
				GCC_WARN_ABOUT_RETURN_TYPE = YES_ERROR;
				GCC_WARN_UNDECLARED_SELECTOR = YES;
				GCC_WARN_UNINITIALIZED_AUTOS = YES_AGGRESSIVE;
				GCC_WARN_UNUSED_FUNCTION = YES;
				GCC_WARN_UNUSED_VARIABLE = YES;
				IPHONEOS_DEPLOYMENT_TARGET = 18.0;
				LOCALIZATION_PREFERS_STRING_CATALOGS = YES;
				MTL_ENABLE_DEBUG_INFO = NO;
				MTL_FAST_MATH = YES;
				SDKROOT = iphoneos;
				SWIFT_COMPILATION_MODE = wholemodule;
				VALIDATE_PRODUCT = YES;
			};
			name = Release;
		};
		64F260282CAFFA200073F570 /* Debug */ = {
			isa = XCBuildConfiguration;
			buildSettings = {
				ASSETCATALOG_COMPILER_APPICON_NAME = AppIcon;
				ASSETCATALOG_COMPILER_GLOBAL_ACCENT_COLOR_NAME = AccentColor;
				CODE_SIGN_STYLE = Automatic;
				CURRENT_PROJECT_VERSION = 1;
				DEVELOPMENT_ASSET_PATHS = "\"heracles/Preview Content\"";
				DEVELOPMENT_TEAM = Z5RH784LZY;
				ENABLE_PREVIEWS = YES;
				GENERATE_INFOPLIST_FILE = YES;
				INFOPLIST_KEY_UIApplicationSceneManifest_Generation = YES;
				INFOPLIST_KEY_UIApplicationSupportsIndirectInputEvents = YES;
				INFOPLIST_KEY_UILaunchScreen_Generation = YES;
				INFOPLIST_KEY_UISupportedInterfaceOrientations_iPad = "UIInterfaceOrientationPortrait UIInterfaceOrientationPortraitUpsideDown UIInterfaceOrientationLandscapeLeft UIInterfaceOrientationLandscapeRight";
				INFOPLIST_KEY_UISupportedInterfaceOrientations_iPhone = "UIInterfaceOrientationPortrait UIInterfaceOrientationLandscapeLeft UIInterfaceOrientationLandscapeRight";
				LD_RUNPATH_SEARCH_PATHS = (
					"$(inherited)",
					"@executable_path/Frameworks",
				);
				MARKETING_VERSION = 1.0;
				PRODUCT_BUNDLE_IDENTIFIER = dev.uped.WeSplit;
				PRODUCT_NAME = "$(TARGET_NAME)";
				SWIFT_EMIT_LOC_STRINGS = YES;
				SWIFT_VERSION = 5.0;
				TARGETED_DEVICE_FAMILY = "1,2";
			};
			name = Debug;
		};
		64F260292CAFFA200073F570 /* Release */ = {
			isa = XCBuildConfiguration;
			buildSettings = {
				ASSETCATALOG_COMPILER_APPICON_NAME = AppIcon;
				ASSETCATALOG_COMPILER_GLOBAL_ACCENT_COLOR_NAME = AccentColor;
				CODE_SIGN_STYLE = Automatic;
				CURRENT_PROJECT_VERSION = 1;
				DEVELOPMENT_ASSET_PATHS = "\"heracles/Preview Content\"";
				DEVELOPMENT_TEAM = Z5RH784LZY;
				ENABLE_PREVIEWS = YES;
				GENERATE_INFOPLIST_FILE = YES;
				INFOPLIST_KEY_UIApplicationSceneManifest_Generation = YES;
				INFOPLIST_KEY_UIApplicationSupportsIndirectInputEvents = YES;
				INFOPLIST_KEY_UILaunchScreen_Generation = YES;
				INFOPLIST_KEY_UISupportedInterfaceOrientations_iPad = "UIInterfaceOrientationPortrait UIInterfaceOrientationPortraitUpsideDown UIInterfaceOrientationLandscapeLeft UIInterfaceOrientationLandscapeRight";
				INFOPLIST_KEY_UISupportedInterfaceOrientations_iPhone = "UIInterfaceOrientationPortrait UIInterfaceOrientationLandscapeLeft UIInterfaceOrientationLandscapeRight";
				LD_RUNPATH_SEARCH_PATHS = (
					"$(inherited)",
					"@executable_path/Frameworks",
				);
				MARKETING_VERSION = 1.0;
				PRODUCT_BUNDLE_IDENTIFIER = dev.uped.WeSplit;
				PRODUCT_NAME = "$(TARGET_NAME)";
				SWIFT_EMIT_LOC_STRINGS = YES;
				SWIFT_VERSION = 5.0;
				TARGETED_DEVICE_FAMILY = "1,2";
			};
			name = Release;
		};
		64F2602B2CAFFA200073F570 /* Debug */ = {
			isa = XCBuildConfiguration;
			buildSettings = {
				BUNDLE_LOADER = "$(TEST_HOST)";
				CODE_SIGN_STYLE = Automatic;
				CURRENT_PROJECT_VERSION = 1;
				DEVELOPMENT_TEAM = Z5RH784LZY;
				GENERATE_INFOPLIST_FILE = YES;
				IPHONEOS_DEPLOYMENT_TARGET = 18.0;
				MARKETING_VERSION = 1.0;
				PRODUCT_BUNDLE_IDENTIFIER = dev.uped.heraclesTests;
				PRODUCT_NAME = "$(TARGET_NAME)";
				SWIFT_EMIT_LOC_STRINGS = NO;
				SWIFT_VERSION = 5.0;
				TARGETED_DEVICE_FAMILY = "1,2";
				TEST_HOST = "$(BUILT_PRODUCTS_DIR)/heracles.app/$(BUNDLE_EXECUTABLE_FOLDER_PATH)/heracles";
			};
			name = Debug;
		};
		64F2602C2CAFFA200073F570 /* Release */ = {
			isa = XCBuildConfiguration;
			buildSettings = {
				BUNDLE_LOADER = "$(TEST_HOST)";
				CODE_SIGN_STYLE = Automatic;
				CURRENT_PROJECT_VERSION = 1;
				DEVELOPMENT_TEAM = Z5RH784LZY;
				GENERATE_INFOPLIST_FILE = YES;
				IPHONEOS_DEPLOYMENT_TARGET = 18.0;
				MARKETING_VERSION = 1.0;
				PRODUCT_BUNDLE_IDENTIFIER = dev.uped.heraclesTests;
				PRODUCT_NAME = "$(TARGET_NAME)";
				SWIFT_EMIT_LOC_STRINGS = NO;
				SWIFT_VERSION = 5.0;
				TARGETED_DEVICE_FAMILY = "1,2";
				TEST_HOST = "$(BUILT_PRODUCTS_DIR)/heracles.app/$(BUNDLE_EXECUTABLE_FOLDER_PATH)/heracles";
			};
			name = Release;
		};
		64F2602E2CAFFA200073F570 /* Debug */ = {
			isa = XCBuildConfiguration;
			buildSettings = {
				CODE_SIGN_STYLE = Automatic;
				CURRENT_PROJECT_VERSION = 1;
				DEVELOPMENT_TEAM = Z5RH784LZY;
				GENERATE_INFOPLIST_FILE = YES;
				MARKETING_VERSION = 1.0;
				PRODUCT_BUNDLE_IDENTIFIER = dev.uped.heraclesUITests;
				PRODUCT_NAME = "$(TARGET_NAME)";
				SWIFT_EMIT_LOC_STRINGS = NO;
				SWIFT_VERSION = 5.0;
				TARGETED_DEVICE_FAMILY = "1,2";
				TEST_TARGET_NAME = heracles;
			};
			name = Debug;
		};
		64F2602F2CAFFA200073F570 /* Release */ = {
			isa = XCBuildConfiguration;
			buildSettings = {
				CODE_SIGN_STYLE = Automatic;
				CURRENT_PROJECT_VERSION = 1;
				DEVELOPMENT_TEAM = Z5RH784LZY;
				GENERATE_INFOPLIST_FILE = YES;
				MARKETING_VERSION = 1.0;
				PRODUCT_BUNDLE_IDENTIFIER = dev.uped.heraclesUITests;
				PRODUCT_NAME = "$(TARGET_NAME)";
				SWIFT_EMIT_LOC_STRINGS = NO;
				SWIFT_VERSION = 5.0;
				TARGETED_DEVICE_FAMILY = "1,2";
				TEST_TARGET_NAME = heracles;
			};
			name = Release;
		};
/* End XCBuildConfiguration section */

/* Begin XCConfigurationList section */
		64F25FFE2CAFFA1E0073F570 /* Build configuration list for PBXProject "heracles" */ = {
			isa = XCConfigurationList;
			buildConfigurations = (
				64F260252CAFFA200073F570 /* Debug */,
				64F260262CAFFA200073F570 /* Release */,
			);
			defaultConfigurationIsVisible = 0;
			defaultConfigurationName = Release;
		};
		64F260272CAFFA200073F570 /* Build configuration list for PBXNativeTarget "heracles" */ = {
			isa = XCConfigurationList;
			buildConfigurations = (
				64F260282CAFFA200073F570 /* Debug */,
				64F260292CAFFA200073F570 /* Release */,
			);
			defaultConfigurationIsVisible = 0;
			defaultConfigurationName = Release;
		};
		64F2602A2CAFFA200073F570 /* Build configuration list for PBXNativeTarget "heraclesTests" */ = {
			isa = XCConfigurationList;
			buildConfigurations = (
				64F2602B2CAFFA200073F570 /* Debug */,
				64F2602C2CAFFA200073F570 /* Release */,
			);
			defaultConfigurationIsVisible = 0;
			defaultConfigurationName = Release;
		};
		64F2602D2CAFFA200073F570 /* Build configuration list for PBXNativeTarget "heraclesUITests" */ = {
			isa = XCConfigurationList;
			buildConfigurations = (
				64F2602E2CAFFA200073F570 /* Debug */,
				64F2602F2CAFFA200073F570 /* Release */,
			);
			defaultConfigurationIsVisible = 0;
			defaultConfigurationName = Release;
		};
/* End XCConfigurationList section */

/* Begin XCRemoteSwiftPackageReference section */
		648628502CB42FFC007DFFE4 /* XCRemoteSwiftPackageReference "YouTubePlayerKit" */ = {
			isa = XCRemoteSwiftPackageReference;
			repositoryURL = "https://github.com/SvenTiigi/YouTubePlayerKit.git";
			requirement = {
				kind = upToNextMajorVersion;
				minimumVersion = 1.9.0;
			};
		};
		6486288E2CB46D0D007DFFE4 /* XCRemoteSwiftPackageReference "LNPopupUI" */ = {
			isa = XCRemoteSwiftPackageReference;
			repositoryURL = "https://github.com/LeoNatan/LNPopupUI.git";
			requirement = {
				kind = upToNextMajorVersion;
				minimumVersion = 1.8.7;
			};
		};
/* End XCRemoteSwiftPackageReference section */

/* Begin XCSwiftPackageProductDependency section */
		6486286F2CB430D0007DFFE4 /* YouTubePlayerKit */ = {
			isa = XCSwiftPackageProductDependency;
			package = 648628502CB42FFC007DFFE4 /* XCRemoteSwiftPackageReference "YouTubePlayerKit" */;
			productName = YouTubePlayerKit;
		};
		6486288F2CB46D38007DFFE4 /* LNPopupUI */ = {
			isa = XCSwiftPackageProductDependency;
			package = 6486288E2CB46D0D007DFFE4 /* XCRemoteSwiftPackageReference "LNPopupUI" */;
			productName = LNPopupUI;
		};
/* End XCSwiftPackageProductDependency section */
	};
	rootObject = 64F25FFB2CAFFA1E0073F570 /* Project object */;
}
